
Microsoft Visual Studio Solution File, Format Version 12.00
# Visual Studio Version 17
VisualStudioVersion = 17.9.34616.47
MinimumVisualStudioVersion = 10.0.40219.1
Project("{2150E333-8FDC-42A3-9474-1A3956D46DE8}") = "Presentation", "Presentation", "{04B81B4A-3EA5-41E1-BF68-C5A8244B1888}"
EndProject
Project("{2150E333-8FDC-42A3-9474-1A3956D46DE8}") = "Library", "Library", "{669D4CFD-C9F3-47FE-88FD-2333D5993574}"
EndProject
Project("{2150E333-8FDC-42A3-9474-1A3956D46DE8}") = "Lab1", "Lab1", "{9A56A57E-D271-40E2-8EC6-1B2D57B570BE}"
EndProject
Project("{FAE04EC0-301F-11D3-BF4B-00C04F79EFBC}") = "HelloWorldApp", "HelloWorldApp\HelloWorldApp.csproj", "{9C90687D-EEB7-46E6-A578-896DF313963D}"
EndProject
Project("{FAE04EC0-301F-11D3-BF4B-00C04F79EFBC}") = "GestAcaLib", "ClassLibrary1\GestAcaLib.csproj", "{6FE823D6-9FD3-479F-950F-2A15FB1F7E25}"
EndProject
Project("{2150E333-8FDC-42A3-9474-1A3956D46DE8}") = "Testing", "Testing", "{9094CDC7-6BFD-42B4-94B2-4B6899644CA9}"
EndProject
Project("{FAE04EC0-301F-11D3-BF4B-00C04F79EFBC}") = "GestAcaObjectDesignTests", "GestAcaObjectDesignTests\GestAcaObjectDesignTests.csproj", "{48E97C2A-5638-42CF-B6F9-62EFF5DBBA34}"
EndProject
Project("{FAE04EC0-301F-11D3-BF4B-00C04F79EFBC}") = "GestAcaPersistenceTests", "GestAcaPersistenceTests\GestAcaPersistenceTests.csproj", "{2F43F354-5D3C-48BA-A632-00D79D6607EE}"
EndProject
Project("{2150E333-8FDC-42A3-9474-1A3956D46DE8}") = "DBTesting", "DBTesting", "{7CA3FDB7-CACE-4CCC-B0C7-29494F15633A}"
EndProject
Project("{FAE04EC0-301F-11D3-BF4B-00C04F79EFBC}") = "DBTest", "DBTest\DBTest.csproj", "{4E5E2797-EB8C-495B-851C-F9074CDFAB6E}"
EndProject
Project("{FAE04EC0-301F-11D3-BF4B-00C04F79EFBC}") = "GestAcaUI", "GestAcaUI\GestAcaUI.csproj", "{8C370449-2689-4D33-8544-FA6ABD9A7ADB}"
EndProject
Global
	GlobalSection(SolutionConfigurationPlatforms) = preSolution
		Debug|Any CPU = Debug|Any CPU
		Release|Any CPU = Release|Any CPU
	EndGlobalSection
	GlobalSection(ProjectConfigurationPlatforms) = postSolution
		{9C90687D-EEB7-46E6-A578-896DF313963D}.Debug|Any CPU.ActiveCfg = Debug|Any CPU
		{9C90687D-EEB7-46E6-A578-896DF313963D}.Debug|Any CPU.Build.0 = Debug|Any CPU
		{9C90687D-EEB7-46E6-A578-896DF313963D}.Release|Any CPU.ActiveCfg = Release|Any CPU
		{9C90687D-EEB7-46E6-A578-896DF313963D}.Release|Any CPU.Build.0 = Release|Any CPU
		{6FE823D6-9FD3-479F-950F-2A15FB1F7E25}.Debug|Any CPU.ActiveCfg = Debug|Any CPU
		{6FE823D6-9FD3-479F-950F-2A15FB1F7E25}.Debug|Any CPU.Build.0 = Debug|Any CPU
		{6FE823D6-9FD3-479F-950F-2A15FB1F7E25}.Release|Any CPU.ActiveCfg = Release|Any CPU
		{6FE823D6-9FD3-479F-950F-2A15FB1F7E25}.Release|Any CPU.Build.0 = Release|Any CPU
		{48E97C2A-5638-42CF-B6F9-62EFF5DBBA34}.Debug|Any CPU.ActiveCfg = Debug|Any CPU
		{48E97C2A-5638-42CF-B6F9-62EFF5DBBA34}.Debug|Any CPU.Build.0 = Debug|Any CPU
		{48E97C2A-5638-42CF-B6F9-62EFF5DBBA34}.Release|Any CPU.ActiveCfg = Release|Any CPU
		{48E97C2A-5638-42CF-B6F9-62EFF5DBBA34}.Release|Any CPU.Build.0 = Release|Any CPU
		{2F43F354-5D3C-48BA-A632-00D79D6607EE}.Debug|Any CPU.ActiveCfg = Debug|Any CPU
		{2F43F354-5D3C-48BA-A632-00D79D6607EE}.Debug|Any CPU.Build.0 = Debug|Any CPU
		{2F43F354-5D3C-48BA-A632-00D79D6607EE}.Release|Any CPU.ActiveCfg = Release|Any CPU
		{2F43F354-5D3C-48BA-A632-00D79D6607EE}.Release|Any CPU.Build.0 = Release|Any CPU
		{4E5E2797-EB8C-495B-851C-F9074CDFAB6E}.Debug|Any CPU.ActiveCfg = Debug|Any CPU
		{4E5E2797-EB8C-495B-851C-F9074CDFAB6E}.Debug|Any CPU.Build.0 = Debug|Any CPU
		{4E5E2797-EB8C-495B-851C-F9074CDFAB6E}.Release|Any CPU.ActiveCfg = Release|Any CPU
		{4E5E2797-EB8C-495B-851C-F9074CDFAB6E}.Release|Any CPU.Build.0 = Release|Any CPU
		{8C370449-2689-4D33-8544-FA6ABD9A7ADB}.Debug|Any CPU.ActiveCfg = Debug|Any CPU
		{8C370449-2689-4D33-8544-FA6ABD9A7ADB}.Debug|Any CPU.Build.0 = Debug|Any CPU
		{8C370449-2689-4D33-8544-FA6ABD9A7ADB}.Release|Any CPU.ActiveCfg = Release|Any CPU
		{8C370449-2689-4D33-8544-FA6ABD9A7ADB}.Release|Any CPU.Build.0 = Release|Any CPU
	EndGlobalSection
	GlobalSection(SolutionProperties) = preSolution
		HideSolutionNode = FALSE
	EndGlobalSection
	GlobalSection(NestedProjects) = preSolution
		{9A56A57E-D271-40E2-8EC6-1B2D57B570BE} = {9094CDC7-6BFD-42B4-94B2-4B6899644CA9}
		{9C90687D-EEB7-46E6-A578-896DF313963D} = {9A56A57E-D271-40E2-8EC6-1B2D57B570BE}
		{6FE823D6-9FD3-479F-950F-2A15FB1F7E25} = {669D4CFD-C9F3-47FE-88FD-2333D5993574}
		{48E97C2A-5638-42CF-B6F9-62EFF5DBBA34} = {9094CDC7-6BFD-42B4-94B2-4B6899644CA9}
		{2F43F354-5D3C-48BA-A632-00D79D6607EE} = {9094CDC7-6BFD-42B4-94B2-4B6899644CA9}
		{7CA3FDB7-CACE-4CCC-B0C7-29494F15633A} = {9094CDC7-6BFD-42B4-94B2-4B6899644CA9}
		{4E5E2797-EB8C-495B-851C-F9074CDFAB6E} = {7CA3FDB7-CACE-4CCC-B0C7-29494F15633A}
		{8C370449-2689-4D33-8544-FA6ABD9A7ADB} = {04B81B4A-3EA5-41E1-BF68-C5A8244B1888}
	EndGlobalSection
	GlobalSection(ExtensibilityGlobals) = postSolution
		SolutionGuid = {C7BB8D76-DF9D-4C4B-9B74-FEAF6EF15C02}
	EndGlobalSection
EndGlobal
